
Microsoft Visual Studio Solution File, Format Version 12.00
# Visual Studio Version 17
VisualStudioVersion = 17.5.002.0
MinimumVisualStudioVersion = 10.0.40219.1
Project("{9A19103F-16F7-4668-BE54-9A1E7A4F7556}") = "AccumulatorOps", "AccumulatorOps\AccumulatorOps.csproj", "{C0B11BDC-CFCC-4415-8E1E-9BDE09DB7732}"
EndProject
Project("{9A19103F-16F7-4668-BE54-9A1E7A4F7556}") = "AccumulatorOpsTests", "AccumulatorOpsTests\AccumulatorOpsTests.csproj", "{77FAC95B-A830-447F-A9E7-37416D75FAD1}"
EndProject
Global
	GlobalSection(SolutionConfigurationPlatforms) = preSolution
		Debug|Any CPU = Debug|Any CPU
		Release|Any CPU = Release|Any CPU
	EndGlobalSection
	GlobalSection(ProjectConfigurationPlatforms) = postSolution
		{C0B11BDC-CFCC-4415-8E1E-9BDE09DB7732}.Debug|Any CPU.ActiveCfg = Debug|Any CPU
		{C0B11BDC-CFCC-4415-8E1E-9BDE09DB7732}.Debug|Any CPU.Build.0 = Debug|Any CPU
		{C0B11BDC-CFCC-4415-8E1E-9BDE09DB7732}.Release|Any CPU.ActiveCfg = Release|Any CPU
		{C0B11BDC-CFCC-4415-8E1E-9BDE09DB7732}.Release|Any CPU.Build.0 = Release|Any CPU
		{77FAC95B-A830-447F-A9E7-37416D75FAD1}.Debug|Any CPU.ActiveCfg = Debug|Any CPU
		{77FAC95B-A830-447F-A9E7-37416D75FAD1}.Debug|Any CPU.Build.0 = Debug|Any CPU
		{77FAC95B-A830-447F-A9E7-37416D75FAD1}.Release|Any CPU.ActiveCfg = Release|Any CPU
		{77FAC95B-A830-447F-A9E7-37416D75FAD1}.Release|Any CPU.Build.0 = Release|Any CPU
	EndGlobalSection
	GlobalSection(SolutionProperties) = preSolution
		HideSolutionNode = FALSE
	EndGlobalSection
	GlobalSection(ExtensibilityGlobals) = postSolution
		SolutionGuid = {9FE80417-249A-4B8C-8952-439CE539FC94}
	EndGlobalSection
EndGlobal
